
Microsoft Visual Studio Solution File, Format Version 12.00
# Visual Studio 14
VisualStudioVersion = 14.0.25420.1
MinimumVisualStudioVersion = 10.0.40219.1
Project("{FAE04EC0-301F-11D3-BF4B-00C04F79EFBC}") = "GMFSample", "Android\Sample\GMFSample.csproj", "{C639BB52-17E0-4892-8E6C-8D345C9B6F2D}"
EndProject
Project("{2150E333-8FDC-42A3-9474-1A3956D46DE8}") = "Android", "Android", "{ACD1CD9A-FAC2-4981-BBA8-C54D7BC56631}"
EndProject
Project("{2150E333-8FDC-42A3-9474-1A3956D46DE8}") = "iOS", "iOS", "{41F29F82-3A7F-4FF7-8191-088618390B38}"
EndProject
Global
	GlobalSection(SolutionConfigurationPlatforms) = preSolution
		Debug|Any CPU = Debug|Any CPU
		Release|Any CPU = Release|Any CPU
	EndGlobalSection
	GlobalSection(ProjectConfigurationPlatforms) = postSolution
		{C639BB52-17E0-4892-8E6C-8D345C9B6F2D}.Debug|Any CPU.ActiveCfg = Debug|Any CPU
		{C639BB52-17E0-4892-8E6C-8D345C9B6F2D}.Debug|Any CPU.Build.0 = Debug|Any CPU
		{C639BB52-17E0-4892-8E6C-8D345C9B6F2D}.Debug|Any CPU.Deploy.0 = Debug|Any CPU
		{C639BB52-17E0-4892-8E6C-8D345C9B6F2D}.Release|Any CPU.ActiveCfg = Release|Any CPU
		{C639BB52-17E0-4892-8E6C-8D345C9B6F2D}.Release|Any CPU.Build.0 = Release|Any CPU
		{C639BB52-17E0-4892-8E6C-8D345C9B6F2D}.Release|Any CPU.Deploy.0 = Release|Any CPU
	EndGlobalSection
	GlobalSection(SolutionProperties) = preSolution
		HideSolutionNode = FALSE
	EndGlobalSection
	GlobalSection(NestedProjects) = preSolution
		{C639BB52-17E0-4892-8E6C-8D345C9B6F2D} = {ACD1CD9A-FAC2-4981-BBA8-C54D7BC56631}
	EndGlobalSection
EndGlobal
